
Microsoft Visual Studio Solution File, Format Version 12.00
Project("{FAE04EC0-301F-11D3-BF4B-00C04F79EFBC}") = "Chat", "Chat\Chat.csproj", "{DBA36F2D-C2FF-4BB3-8CD9-0C20B517200E}"
EndProject
Project("{2150E333-8FDC-42A3-9474-1A3956D46DE8}") = "Solution Items", "Solution Items", "{659DF3E4-7366-4066-8CE1-647DED26C114}"
	ProjectSection(SolutionItems) = preProject
		docker-compose.yaml = docker-compose.yaml
	EndProjectSection
EndProject
Project("{FAE04EC0-301F-11D3-BF4B-00C04F79EFBC}") = "Helper", "Helper\Helper.csproj", "{8CE25277-38A9-408D-B38D-81EB91978E9C}"
EndProject
Project("{FAE04EC0-301F-11D3-BF4B-00C04F79EFBC}") = "SemanticSearch", "SemanticSearch\SemanticSearch.csproj", "{499ED550-6DF1-4DBE-A6E4-C54B540D556D}"
EndProject
Project("{FAE04EC0-301F-11D3-BF4B-00C04F79EFBC}") = "SemanticKernelTests", "SemanticKernelTests\SemanticKernelTests.csproj", "{3524FBA5-5C00-4D19-B8C2-6B6E768F75A9}"
EndProject
Project("{FAE04EC0-301F-11D3-BF4B-00C04F79EFBC}") = "Chronology", "Chronology\Chronology.csproj", "{9ABF26FE-7763-497C-819D-F6A1B9E13A18}"
EndProject
Global
	GlobalSection(SolutionConfigurationPlatforms) = preSolution
		Debug|Any CPU = Debug|Any CPU
		Release|Any CPU = Release|Any CPU
	EndGlobalSection
	GlobalSection(ProjectConfigurationPlatforms) = postSolution
		{DBA36F2D-C2FF-4BB3-8CD9-0C20B517200E}.Debug|Any CPU.ActiveCfg = Debug|Any CPU
		{DBA36F2D-C2FF-4BB3-8CD9-0C20B517200E}.Debug|Any CPU.Build.0 = Debug|Any CPU
		{DBA36F2D-C2FF-4BB3-8CD9-0C20B517200E}.Release|Any CPU.ActiveCfg = Release|Any CPU
		{DBA36F2D-C2FF-4BB3-8CD9-0C20B517200E}.Release|Any CPU.Build.0 = Release|Any CPU
		{8CE25277-38A9-408D-B38D-81EB91978E9C}.Debug|Any CPU.ActiveCfg = Debug|Any CPU
		{8CE25277-38A9-408D-B38D-81EB91978E9C}.Debug|Any CPU.Build.0 = Debug|Any CPU
		{8CE25277-38A9-408D-B38D-81EB91978E9C}.Release|Any CPU.ActiveCfg = Release|Any CPU
		{8CE25277-38A9-408D-B38D-81EB91978E9C}.Release|Any CPU.Build.0 = Release|Any CPU
		{499ED550-6DF1-4DBE-A6E4-C54B540D556D}.Debug|Any CPU.ActiveCfg = Debug|Any CPU
		{499ED550-6DF1-4DBE-A6E4-C54B540D556D}.Debug|Any CPU.Build.0 = Debug|Any CPU
		{499ED550-6DF1-4DBE-A6E4-C54B540D556D}.Release|Any CPU.ActiveCfg = Release|Any CPU
		{499ED550-6DF1-4DBE-A6E4-C54B540D556D}.Release|Any CPU.Build.0 = Release|Any CPU
		{3524FBA5-5C00-4D19-B8C2-6B6E768F75A9}.Debug|Any CPU.ActiveCfg = Debug|Any CPU
		{3524FBA5-5C00-4D19-B8C2-6B6E768F75A9}.Debug|Any CPU.Build.0 = Debug|Any CPU
		{3524FBA5-5C00-4D19-B8C2-6B6E768F75A9}.Release|Any CPU.ActiveCfg = Release|Any CPU
		{3524FBA5-5C00-4D19-B8C2-6B6E768F75A9}.Release|Any CPU.Build.0 = Release|Any CPU
		{9ABF26FE-7763-497C-819D-F6A1B9E13A18}.Debug|Any CPU.ActiveCfg = Debug|Any CPU
		{9ABF26FE-7763-497C-819D-F6A1B9E13A18}.Debug|Any CPU.Build.0 = Debug|Any CPU
		{9ABF26FE-7763-497C-819D-F6A1B9E13A18}.Release|Any CPU.ActiveCfg = Release|Any CPU
		{9ABF26FE-7763-497C-819D-F6A1B9E13A18}.Release|Any CPU.Build.0 = Release|Any CPU
	EndGlobalSection
EndGlobal
